
Microsoft Visual Studio Solution File, Format Version 12.00
# Visual Studio 15
Project("{FAE04EC0-301F-11D3-BF4B-00C04F79EFBC}") = "DAD-Parking---Back", "DAD-Parking---Back.csproj", "{5CFF42A7-B0A7-4FA2-A3D6-A9B98E7F763E}"
EndProject
Global
	GlobalSection(SolutionConfigurationPlatforms) = preSolution
		Debug|Any CPU = Debug|Any CPU
		Release|Any CPU = Release|Any CPU
	EndGlobalSection
	GlobalSection(ProjectConfigurationPlatforms) = postSolution
		{5CFF42A7-B0A7-4FA2-A3D6-A9B98E7F763E}.Debug|Any CPU.ActiveCfg = Debug|Any CPU
		{5CFF42A7-B0A7-4FA2-A3D6-A9B98E7F763E}.Debug|Any CPU.Build.0 = Debug|Any CPU
		{5CFF42A7-B0A7-4FA2-A3D6-A9B98E7F763E}.Release|Any CPU.ActiveCfg = Release|Any CPU
		{5CFF42A7-B0A7-4FA2-A3D6-A9B98E7F763E}.Release|Any CPU.Build.0 = Release|Any CPU
	EndGlobalSection
EndGlobal
